
Microsoft Visual Studio Solution File, Format Version 12.00
# Visual Studio Version 16
VisualStudioVersion = 16.0.31729.503
MinimumVisualStudioVersion = 10.0.40219.1
Project("{9A19103F-16F7-4668-BE54-9A1E7A4F7556}") = "WebApiDemo", "WebApiDemo\WebApiDemo.csproj", "{BB7A13F7-11D1-479A-851B-C823E346CE04}"
EndProject
Project("{9A19103F-16F7-4668-BE54-9A1E7A4F7556}") = "StockView", "StockView\StockView.csproj", "{FDEB510B-0973-41CC-B1B5-91789612779D}"
EndProject
Project("{FAE04EC0-301F-11D3-BF4B-00C04F79EFBC}") = "WebApplication1", "WebApplication1\WebApplication1.csproj", "{23F96B37-D5C6-4DF2-BAE0-983491411819}"
EndProject
Global
	GlobalSection(SolutionConfigurationPlatforms) = preSolution
		Debug|Any CPU = Debug|Any CPU
		Release|Any CPU = Release|Any CPU
	EndGlobalSection
	GlobalSection(ProjectConfigurationPlatforms) = postSolution
		{BB7A13F7-11D1-479A-851B-C823E346CE04}.Debug|Any CPU.ActiveCfg = Debug|Any CPU
		{BB7A13F7-11D1-479A-851B-C823E346CE04}.Debug|Any CPU.Build.0 = Debug|Any CPU
		{BB7A13F7-11D1-479A-851B-C823E346CE04}.Release|Any CPU.ActiveCfg = Release|Any CPU
		{BB7A13F7-11D1-479A-851B-C823E346CE04}.Release|Any CPU.Build.0 = Release|Any CPU
		{FDEB510B-0973-41CC-B1B5-91789612779D}.Debug|Any CPU.ActiveCfg = Debug|Any CPU
		{FDEB510B-0973-41CC-B1B5-91789612779D}.Debug|Any CPU.Build.0 = Debug|Any CPU
		{FDEB510B-0973-41CC-B1B5-91789612779D}.Release|Any CPU.ActiveCfg = Release|Any CPU
		{FDEB510B-0973-41CC-B1B5-91789612779D}.Release|Any CPU.Build.0 = Release|Any CPU
		{23F96B37-D5C6-4DF2-BAE0-983491411819}.Debug|Any CPU.ActiveCfg = Debug|Any CPU
		{23F96B37-D5C6-4DF2-BAE0-983491411819}.Debug|Any CPU.Build.0 = Debug|Any CPU
		{23F96B37-D5C6-4DF2-BAE0-983491411819}.Release|Any CPU.ActiveCfg = Release|Any CPU
		{23F96B37-D5C6-4DF2-BAE0-983491411819}.Release|Any CPU.Build.0 = Release|Any CPU
	EndGlobalSection
	GlobalSection(SolutionProperties) = preSolution
		HideSolutionNode = FALSE
	EndGlobalSection
	GlobalSection(ExtensibilityGlobals) = postSolution
		SolutionGuid = {BFD1EF99-5245-4210-9BE3-0538A8878160}
	EndGlobalSection
EndGlobal
